// !$*UTF8*$!
{
	archiveVersion = 1;
	classes = {
	};
	objectVersion = 46;
	objects = {

/* Begin PBXBuildFile section */
		B5D9831E1D55CF1500D7BA69 /* AppDelegate.swift in Sources */ = {isa = PBXBuildFile; fileRef = B5D9831D1D55CF1500D7BA69 /* AppDelegate.swift */; };
		B5D983201D55CF1500D7BA69 /* PlanetWeatherViewController.swift in Sources */ = {isa = PBXBuildFile; fileRef = B5D9831F1D55CF1500D7BA69 /* PlanetWeatherViewController.swift */; };
		B5D983231D55CF1500D7BA69 /* Main.storyboard in Resources */ = {isa = PBXBuildFile; fileRef = B5D983211D55CF1500D7BA69 /* Main.storyboard */; };
		B5D983251D55CF1500D7BA69 /* Assets.xcassets in Resources */ = {isa = PBXBuildFile; fileRef = B5D983241D55CF1500D7BA69 /* Assets.xcassets */; };
		B5D983281D55CF1500D7BA69 /* LaunchScreen.storyboard in Resources */ = {isa = PBXBuildFile; fileRef = B5D983261D55CF1500D7BA69 /* LaunchScreen.storyboard */; };
		B5D983331D55CF1500D7BA69 /* MarsWeatherTests.swift in Sources */ = {isa = PBXBuildFile; fileRef = B5D983321D55CF1500D7BA69 /* MarsWeatherTests.swift */; };
		B5D9833E1D55CF1500D7BA69 /* MarsWeatherUITests.swift in Sources */ = {isa = PBXBuildFile; fileRef = B5D9833D1D55CF1500D7BA69 /* MarsWeatherUITests.swift */; };
		B5D9834C1D55D01600D7BA69 /* Swinject.framework in Frameworks */ = {isa = PBXBuildFile; fileRef = B5D9834B1D55D01600D7BA69 /* Swinject.framework */; };
		B5D9834D1D55D07B00D7BA69 /* Swinject.framework in Frameworks */ = {isa = PBXBuildFile; fileRef = B5D9834B1D55D01600D7BA69 /* Swinject.framework */; };
		B5D9834F1D55D10B00D7BA69 /* Swinject.framework in CopyFiles */ = {isa = PBXBuildFile; fileRef = B5D9834B1D55D01600D7BA69 /* Swinject.framework */; settings = {ATTRIBUTES = (CodeSignOnCopy, RemoveHeadersOnCopy, ); }; };
		B5D983511D55D16B00D7BA69 /* Swinject.framework in Embed Frameworks */ = {isa = PBXBuildFile; fileRef = B5D9834B1D55D01600D7BA69 /* Swinject.framework */; settings = {ATTRIBUTES = (CodeSignOnCopy, RemoveHeadersOnCopy, ); }; };
		B5D983571D55D41500D7BA69 /* TemperatureViewController.swift in Sources */ = {isa = PBXBuildFile; fileRef = B5D983561D55D41500D7BA69 /* TemperatureViewController.swift */; };
		B5D9835A1D55D55C00D7BA69 /* PlanetWeather.swift in Sources */ = {isa = PBXBuildFile; fileRef = B5D983591D55D55C00D7BA69 /* PlanetWeather.swift */; };
		B5D9835E1D55D5F100D7BA69 /* Temperature.swift in Sources */ = {isa = PBXBuildFile; fileRef = B5D9835D1D55D5F100D7BA69 /* Temperature.swift */; };
		B5D983621D55D6A200D7BA69 /* MockTemperature.swift in Sources */ = {isa = PBXBuildFile; fileRef = B5D983611D55D6A200D7BA69 /* MockTemperature.swift */; };
		B5D983641D55D6AE00D7BA69 /* MockPlanetWeather.swift in Sources */ = {isa = PBXBuildFile; fileRef = B5D983631D55D6AE00D7BA69 /* MockPlanetWeather.swift */; };
		B5D983671D55DB3B00D7BA69 /* PlanetWeatherFetcher.swift in Sources */ = {isa = PBXBuildFile; fileRef = B5D983661D55DB3B00D7BA69 /* PlanetWeatherFetcher.swift */; };
		B5D9836B1D55DC6800D7BA69 /* MockPlanetWeatherFetcher.swift in Sources */ = {isa = PBXBuildFile; fileRef = B5D9836A1D55DC6800D7BA69 /* MockPlanetWeatherFetcher.swift */; };
/* End PBXBuildFile section */

/* Begin PBXContainerItemProxy section */
		B5D9832F1D55CF1500D7BA69 /* PBXContainerItemProxy */ = {
			isa = PBXContainerItemProxy;
			containerPortal = B5D983121D55CF1500D7BA69 /* Project object */;
			proxyType = 1;
			remoteGlobalIDString = B5D983191D55CF1500D7BA69;
			remoteInfo = MarsWeather;
		};
		B5D9833A1D55CF1500D7BA69 /* PBXContainerItemProxy */ = {
			isa = PBXContainerItemProxy;
			containerPortal = B5D983121D55CF1500D7BA69 /* Project object */;
			proxyType = 1;
			remoteGlobalIDString = B5D983191D55CF1500D7BA69;
			remoteInfo = MarsWeather;
		};
/* End PBXContainerItemProxy section */

/* Begin PBXCopyFilesBuildPhase section */
		B5D9834E1D55D0F100D7BA69 /* CopyFiles */ = {
			isa = PBXCopyFilesBuildPhase;
			buildActionMask = 2147483647;
			dstPath = "";
			dstSubfolderSpec = 10;
			files = (
				B5D9834F1D55D10B00D7BA69 /* Swinject.framework in CopyFiles */,
			);
			runOnlyForDeploymentPostprocessing = 0;
		};
		B5D983521D55D16B00D7BA69 /* Embed Frameworks */ = {
			isa = PBXCopyFilesBuildPhase;
			buildActionMask = 2147483647;
			dstPath = "";
			dstSubfolderSpec = 10;
			files = (
				B5D983511D55D16B00D7BA69 /* Swinject.framework in Embed Frameworks */,
			);
			name = "Embed Frameworks";
			runOnlyForDeploymentPostprocessing = 0;
		};
/* End PBXCopyFilesBuildPhase section */

/* Begin PBXFileReference section */
		B5D9831A1D55CF1500D7BA69 /* MarsWeather.app */ = {isa = PBXFileReference; explicitFileType = wrapper.application; includeInIndex = 0; path = MarsWeather.app; sourceTree = BUILT_PRODUCTS_DIR; };
		B5D9831D1D55CF1500D7BA69 /* AppDelegate.swift */ = {isa = PBXFileReference; lastKnownFileType = sourcecode.swift; path = AppDelegate.swift; sourceTree = "<group>"; };
		B5D9831F1D55CF1500D7BA69 /* PlanetWeatherViewController.swift */ = {isa = PBXFileReference; lastKnownFileType = sourcecode.swift; path = PlanetWeatherViewController.swift; sourceTree = "<group>"; };
		B5D983221D55CF1500D7BA69 /* Base */ = {isa = PBXFileReference; lastKnownFileType = file.storyboard; name = Base; path = Base.lproj/Main.storyboard; sourceTree = "<group>"; };
		B5D983241D55CF1500D7BA69 /* Assets.xcassets */ = {isa = PBXFileReference; lastKnownFileType = folder.assetcatalog; path = Assets.xcassets; sourceTree = "<group>"; };
		B5D983271D55CF1500D7BA69 /* Base */ = {isa = PBXFileReference; lastKnownFileType = file.storyboard; name = Base; path = Base.lproj/LaunchScreen.storyboard; sourceTree = "<group>"; };
		B5D983291D55CF1500D7BA69 /* Info.plist */ = {isa = PBXFileReference; lastKnownFileType = text.plist.xml; path = Info.plist; sourceTree = "<group>"; };
		B5D9832E1D55CF1500D7BA69 /* MarsWeatherTests.xctest */ = {isa = PBXFileReference; explicitFileType = wrapper.cfbundle; includeInIndex = 0; path = MarsWeatherTests.xctest; sourceTree = BUILT_PRODUCTS_DIR; };
		B5D983321D55CF1500D7BA69 /* MarsWeatherTests.swift */ = {isa = PBXFileReference; lastKnownFileType = sourcecode.swift; path = MarsWeatherTests.swift; sourceTree = "<group>"; };
		B5D983341D55CF1500D7BA69 /* Info.plist */ = {isa = PBXFileReference; lastKnownFileType = text.plist.xml; path = Info.plist; sourceTree = "<group>"; };
		B5D983391D55CF1500D7BA69 /* MarsWeatherUITests.xctest */ = {isa = PBXFileReference; explicitFileType = wrapper.cfbundle; includeInIndex = 0; path = MarsWeatherUITests.xctest; sourceTree = BUILT_PRODUCTS_DIR; };
		B5D9833D1D55CF1500D7BA69 /* MarsWeatherUITests.swift */ = {isa = PBXFileReference; lastKnownFileType = sourcecode.swift; path = MarsWeatherUITests.swift; sourceTree = "<group>"; };
		B5D9833F1D55CF1500D7BA69 /* Info.plist */ = {isa = PBXFileReference; lastKnownFileType = text.plist.xml; path = Info.plist; sourceTree = "<group>"; };
		B5D9834B1D55D01600D7BA69 /* Swinject.framework */ = {isa = PBXFileReference; lastKnownFileType = wrapper.framework; name = Swinject.framework; path = ../Carthage/Build/iOS/Swinject.framework; sourceTree = "<group>"; };
		B5D983561D55D41500D7BA69 /* TemperatureViewController.swift */ = {isa = PBXFileReference; fileEncoding = 4; lastKnownFileType = sourcecode.swift; path = TemperatureViewController.swift; sourceTree = "<group>"; };
		B5D983591D55D55C00D7BA69 /* PlanetWeather.swift */ = {isa = PBXFileReference; fileEncoding = 4; lastKnownFileType = sourcecode.swift; path = PlanetWeather.swift; sourceTree = "<group>"; };
		B5D9835D1D55D5F100D7BA69 /* Temperature.swift */ = {isa = PBXFileReference; fileEncoding = 4; lastKnownFileType = sourcecode.swift; path = Temperature.swift; sourceTree = "<group>"; };
		B5D983611D55D6A200D7BA69 /* MockTemperature.swift */ = {isa = PBXFileReference; fileEncoding = 4; lastKnownFileType = sourcecode.swift; path = MockTemperature.swift; sourceTree = "<group>"; };
		B5D983631D55D6AE00D7BA69 /* MockPlanetWeather.swift */ = {isa = PBXFileReference; fileEncoding = 4; lastKnownFileType = sourcecode.swift; path = MockPlanetWeather.swift; sourceTree = "<group>"; };
		B5D983661D55DB3B00D7BA69 /* PlanetWeatherFetcher.swift */ = {isa = PBXFileReference; fileEncoding = 4; lastKnownFileType = sourcecode.swift; path = PlanetWeatherFetcher.swift; sourceTree = "<group>"; };
		B5D9836A1D55DC6800D7BA69 /* MockPlanetWeatherFetcher.swift */ = {isa = PBXFileReference; fileEncoding = 4; lastKnownFileType = sourcecode.swift; path = MockPlanetWeatherFetcher.swift; sourceTree = "<group>"; };
/* End PBXFileReference section */

/* Begin PBXFrameworksBuildPhase section */
		B5D983171D55CF1500D7BA69 /* Frameworks */ = {
			isa = PBXFrameworksBuildPhase;
			buildActionMask = 2147483647;
			files = (
				B5D9834C1D55D01600D7BA69 /* Swinject.framework in Frameworks */,
			);
			runOnlyForDeploymentPostprocessing = 0;
		};
		B5D9832B1D55CF1500D7BA69 /* Frameworks */ = {
			isa = PBXFrameworksBuildPhase;
			buildActionMask = 2147483647;
			files = (
				B5D9834D1D55D07B00D7BA69 /* Swinject.framework in Frameworks */,
			);
			runOnlyForDeploymentPostprocessing = 0;
		};
		B5D983361D55CF1500D7BA69 /* Frameworks */ = {
			isa = PBXFrameworksBuildPhase;
			buildActionMask = 2147483647;
			files = (
			);
			runOnlyForDeploymentPostprocessing = 0;
		};
/* End PBXFrameworksBuildPhase section */

/* Begin PBXGroup section */
		B5D983111D55CF1500D7BA69 = {
			isa = PBXGroup;
			children = (
				B5D9831C1D55CF1500D7BA69 /* MarsWeather */,
				B5D983311D55CF1500D7BA69 /* MarsWeatherTests */,
				B5D9833C1D55CF1500D7BA69 /* MarsWeatherUITests */,
				B5D9831B1D55CF1500D7BA69 /* Products */,
			);
			sourceTree = "<group>";
		};
		B5D9831B1D55CF1500D7BA69 /* Products */ = {
			isa = PBXGroup;
			children = (
				B5D9831A1D55CF1500D7BA69 /* MarsWeather.app */,
				B5D9832E1D55CF1500D7BA69 /* MarsWeatherTests.xctest */,
				B5D983391D55CF1500D7BA69 /* MarsWeatherUITests.xctest */,
			);
			name = Products;
			sourceTree = "<group>";
		};
		B5D9831C1D55CF1500D7BA69 /* MarsWeather */ = {
			isa = PBXGroup;
			children = (
				B5D9831D1D55CF1500D7BA69 /* AppDelegate.swift */,
				B5D983211D55CF1500D7BA69 /* Main.storyboard */,
				B5D983531D55D20C00D7BA69 /* PlanetWeather */,
				B5D983551D55D3FA00D7BA69 /* Temperature */,
				B5D9835F1D55D68800D7BA69 /* Mock */,
				B5D983681D55DC2500D7BA69 /* Common */,
				B5D983241D55CF1500D7BA69 /* Assets.xcassets */,
				B5D983261D55CF1500D7BA69 /* LaunchScreen.storyboard */,
				B5D983291D55CF1500D7BA69 /* Info.plist */,
				B5D9834B1D55D01600D7BA69 /* Swinject.framework */,
			);
			path = MarsWeather;
			sourceTree = "<group>";
		};
		B5D983311D55CF1500D7BA69 /* MarsWeatherTests */ = {
			isa = PBXGroup;
			children = (
				B5D983321D55CF1500D7BA69 /* MarsWeatherTests.swift */,
				B5D983341D55CF1500D7BA69 /* Info.plist */,
			);
			path = MarsWeatherTests;
			sourceTree = "<group>";
		};
		B5D9833C1D55CF1500D7BA69 /* MarsWeatherUITests */ = {
			isa = PBXGroup;
			children = (
				B5D9833D1D55CF1500D7BA69 /* MarsWeatherUITests.swift */,
				B5D9833F1D55CF1500D7BA69 /* Info.plist */,
			);
			path = MarsWeatherUITests;
			sourceTree = "<group>";
		};
		B5D983531D55D20C00D7BA69 /* PlanetWeather */ = {
			isa = PBXGroup;
			children = (
				B5D983651D55DB1300D7BA69 /* Services */,
				B5D983541D55D21900D7BA69 /* Controller */,
				B5D983581D55D54000D7BA69 /* ModelTypes */,
			);
			name = PlanetWeather;
			sourceTree = "<group>";
		};
		B5D983541D55D21900D7BA69 /* Controller */ = {
			isa = PBXGroup;
			children = (
				B5D9831F1D55CF1500D7BA69 /* PlanetWeatherViewController.swift */,
			);
			name = Controller;
			sourceTree = "<group>";
		};
		B5D983551D55D3FA00D7BA69 /* Temperature */ = {
			isa = PBXGroup;
			children = (
				B5D9835C1D55D5E300D7BA69 /* Controller */,
				B5D9835B1D55D5D300D7BA69 /* ModelTypes */,
			);
			name = Temperature;
			sourceTree = "<group>";
		};
		B5D983581D55D54000D7BA69 /* ModelTypes */ = {
			isa = PBXGroup;
			children = (
				B5D983591D55D55C00D7BA69 /* PlanetWeather.swift */,
			);
			name = ModelTypes;
			sourceTree = "<group>";
		};
		B5D9835B1D55D5D300D7BA69 /* ModelTypes */ = {
			isa = PBXGroup;
			children = (
				B5D9835D1D55D5F100D7BA69 /* Temperature.swift */,
			);
			name = ModelTypes;
			sourceTree = "<group>";
		};
		B5D9835C1D55D5E300D7BA69 /* Controller */ = {
			isa = PBXGroup;
			children = (
				B5D983561D55D41500D7BA69 /* TemperatureViewController.swift */,
			);
			name = Controller;
			sourceTree = "<group>";
		};
		B5D9835F1D55D68800D7BA69 /* Mock */ = {
			isa = PBXGroup;
			children = (
				B5D983691D55DC5000D7BA69 /* Services */,
				B5D983601D55D69100D7BA69 /* ModelTypes */,
			);
			name = Mock;
			sourceTree = "<group>";
		};
		B5D983601D55D69100D7BA69 /* ModelTypes */ = {
			isa = PBXGroup;
			children = (
				B5D983611D55D6A200D7BA69 /* MockTemperature.swift */,
				B5D983631D55D6AE00D7BA69 /* MockPlanetWeather.swift */,
			);
			name = ModelTypes;
			sourceTree = "<group>";
		};
		B5D983651D55DB1300D7BA69 /* Services */ = {
			isa = PBXGroup;
			children = (
				B5D983661D55DB3B00D7BA69 /* PlanetWeatherFetcher.swift */,
			);
			name = Services;
			sourceTree = "<group>";
		};
		B5D983681D55DC2500D7BA69 /* Common */ = {
			isa = PBXGroup;
			children = (
			);
			name = Common;
			sourceTree = "<group>";
		};
		B5D983691D55DC5000D7BA69 /* Services */ = {
			isa = PBXGroup;
			children = (
				B5D9836A1D55DC6800D7BA69 /* MockPlanetWeatherFetcher.swift */,
			);
			name = Services;
			sourceTree = "<group>";
		};
/* End PBXGroup section */

/* Begin PBXNativeTarget section */
		B5D983191D55CF1500D7BA69 /* MarsWeather */ = {
			isa = PBXNativeTarget;
			buildConfigurationList = B5D983421D55CF1500D7BA69 /* Build configuration list for PBXNativeTarget "MarsWeather" */;
			buildPhases = (
				B5D983161D55CF1500D7BA69 /* Sources */,
				B5D983171D55CF1500D7BA69 /* Frameworks */,
				B5D983181D55CF1500D7BA69 /* Resources */,
				B5D983521D55D16B00D7BA69 /* Embed Frameworks */,
			);
			buildRules = (
			);
			dependencies = (
			);
			name = MarsWeather;
			productName = MarsWeather;
			productReference = B5D9831A1D55CF1500D7BA69 /* MarsWeather.app */;
			productType = "com.apple.product-type.application";
		};
		B5D9832D1D55CF1500D7BA69 /* MarsWeatherTests */ = {
			isa = PBXNativeTarget;
			buildConfigurationList = B5D983451D55CF1500D7BA69 /* Build configuration list for PBXNativeTarget "MarsWeatherTests" */;
			buildPhases = (
				B5D9832A1D55CF1500D7BA69 /* Sources */,
				B5D9832B1D55CF1500D7BA69 /* Frameworks */,
				B5D9832C1D55CF1500D7BA69 /* Resources */,
				B5D9834E1D55D0F100D7BA69 /* CopyFiles */,
			);
			buildRules = (
			);
			dependencies = (
				B5D983301D55CF1500D7BA69 /* PBXTargetDependency */,
			);
			name = MarsWeatherTests;
			productName = MarsWeatherTests;
			productReference = B5D9832E1D55CF1500D7BA69 /* MarsWeatherTests.xctest */;
			productType = "com.apple.product-type.bundle.unit-test";
		};
		B5D983381D55CF1500D7BA69 /* MarsWeatherUITests */ = {
			isa = PBXNativeTarget;
			buildConfigurationList = B5D983481D55CF1500D7BA69 /* Build configuration list for PBXNativeTarget "MarsWeatherUITests" */;
			buildPhases = (
				B5D983351D55CF1500D7BA69 /* Sources */,
				B5D983361D55CF1500D7BA69 /* Frameworks */,
				B5D983371D55CF1500D7BA69 /* Resources */,
			);
			buildRules = (
			);
			dependencies = (
				B5D9833B1D55CF1500D7BA69 /* PBXTargetDependency */,
			);
			name = MarsWeatherUITests;
			productName = MarsWeatherUITests;
			productReference = B5D983391D55CF1500D7BA69 /* MarsWeatherUITests.xctest */;
			productType = "com.apple.product-type.bundle.ui-testing";
		};
/* End PBXNativeTarget section */

/* Begin PBXProject section */
		B5D983121D55CF1500D7BA69 /* Project object */ = {
			isa = PBXProject;
			attributes = {
				LastSwiftUpdateCheck = 0730;
				LastUpgradeCheck = 0730;
				ORGANIZATIONNAME = "Martin Klöppner";
				TargetAttributes = {
					B5D983191D55CF1500D7BA69 = {
						CreatedOnToolsVersion = 7.3.1;
					};
					B5D9832D1D55CF1500D7BA69 = {
						CreatedOnToolsVersion = 7.3.1;
						TestTargetID = B5D983191D55CF1500D7BA69;
					};
					B5D983381D55CF1500D7BA69 = {
						CreatedOnToolsVersion = 7.3.1;
						TestTargetID = B5D983191D55CF1500D7BA69;
					};
				};
			};
			buildConfigurationList = B5D983151D55CF1500D7BA69 /* Build configuration list for PBXProject "MarsWeather" */;
			compatibilityVersion = "Xcode 3.2";
			developmentRegion = English;
			hasScannedForEncodings = 0;
			knownRegions = (
				en,
				Base,
			);
			mainGroup = B5D983111D55CF1500D7BA69;
			productRefGroup = B5D9831B1D55CF1500D7BA69 /* Products */;
			projectDirPath = "";
			projectRoot = "";
			targets = (
				B5D983191D55CF1500D7BA69 /* MarsWeather */,
				B5D9832D1D55CF1500D7BA69 /* MarsWeatherTests */,
				B5D983381D55CF1500D7BA69 /* MarsWeatherUITests */,
			);
		};
/* End PBXProject section */

/* Begin PBXResourcesBuildPhase section */
		B5D983181D55CF1500D7BA69 /* Resources */ = {
			isa = PBXResourcesBuildPhase;
			buildActionMask = 2147483647;
			files = (
				B5D983281D55CF1500D7BA69 /* LaunchScreen.storyboard in Resources */,
				B5D983251D55CF1500D7BA69 /* Assets.xcassets in Resources */,
				B5D983231D55CF1500D7BA69 /* Main.storyboard in Resources */,
			);
			runOnlyForDeploymentPostprocessing = 0;
		};
		B5D9832C1D55CF1500D7BA69 /* Resources */ = {
			isa = PBXResourcesBuildPhase;
			buildActionMask = 2147483647;
			files = (
			);
			runOnlyForDeploymentPostprocessing = 0;
		};
		B5D983371D55CF1500D7BA69 /* Resources */ = {
			isa = PBXResourcesBuildPhase;
			buildActionMask = 2147483647;
			files = (
			);
			runOnlyForDeploymentPostprocessing = 0;
		};
/* End PBXResourcesBuildPhase section */

/* Begin PBXSourcesBuildPhase section */
		B5D983161D55CF1500D7BA69 /* Sources */ = {
			isa = PBXSourcesBuildPhase;
			buildActionMask = 2147483647;
			files = (
				B5D983201D55CF1500D7BA69 /* PlanetWeatherViewController.swift in Sources */,
				B5D9831E1D55CF1500D7BA69 /* AppDelegate.swift in Sources */,
				B5D983671D55DB3B00D7BA69 /* PlanetWeatherFetcher.swift in Sources */,
				B5D983641D55D6AE00D7BA69 /* MockPlanetWeather.swift in Sources */,
				B5D9835A1D55D55C00D7BA69 /* PlanetWeather.swift in Sources */,
				B5D9835E1D55D5F100D7BA69 /* Temperature.swift in Sources */,
				B5D9836B1D55DC6800D7BA69 /* MockPlanetWeatherFetcher.swift in Sources */,
				B5D983621D55D6A200D7BA69 /* MockTemperature.swift in Sources */,
				B5D983571D55D41500D7BA69 /* TemperatureViewController.swift in Sources */,
			);
			runOnlyForDeploymentPostprocessing = 0;
		};
		B5D9832A1D55CF1500D7BA69 /* Sources */ = {
			isa = PBXSourcesBuildPhase;
			buildActionMask = 2147483647;
			files = (
				B5D983331D55CF1500D7BA69 /* MarsWeatherTests.swift in Sources */,
			);
			runOnlyForDeploymentPostprocessing = 0;
		};
		B5D983351D55CF1500D7BA69 /* Sources */ = {
			isa = PBXSourcesBuildPhase;
			buildActionMask = 2147483647;
			files = (
				B5D9833E1D55CF1500D7BA69 /* MarsWeatherUITests.swift in Sources */,
			);
			runOnlyForDeploymentPostprocessing = 0;
		};
/* End PBXSourcesBuildPhase section */

/* Begin PBXTargetDependency section */
		B5D983301D55CF1500D7BA69 /* PBXTargetDependency */ = {
			isa = PBXTargetDependency;
			target = B5D983191D55CF1500D7BA69 /* MarsWeather */;
			targetProxy = B5D9832F1D55CF1500D7BA69 /* PBXContainerItemProxy */;
		};
		B5D9833B1D55CF1500D7BA69 /* PBXTargetDependency */ = {
			isa = PBXTargetDependency;
			target = B5D983191D55CF1500D7BA69 /* MarsWeather */;
			targetProxy = B5D9833A1D55CF1500D7BA69 /* PBXContainerItemProxy */;
		};
/* End PBXTargetDependency section */

/* Begin PBXVariantGroup section */
		B5D983211D55CF1500D7BA69 /* Main.storyboard */ = {
			isa = PBXVariantGroup;
			children = (
				B5D983221D55CF1500D7BA69 /* Base */,
			);
			name = Main.storyboard;
			sourceTree = "<group>";
		};
		B5D983261D55CF1500D7BA69 /* LaunchScreen.storyboard */ = {
			isa = PBXVariantGroup;
			children = (
				B5D983271D55CF1500D7BA69 /* Base */,
			);
			name = LaunchScreen.storyboard;
			sourceTree = "<group>";
		};
/* End PBXVariantGroup section */

/* Begin XCBuildConfiguration section */
		B5D983401D55CF1500D7BA69 /* Debug */ = {
			isa = XCBuildConfiguration;
			buildSettings = {
				ALWAYS_SEARCH_USER_PATHS = NO;
				CLANG_ANALYZER_NONNULL = YES;
				CLANG_CXX_LANGUAGE_STANDARD = "gnu++0x";
				CLANG_CXX_LIBRARY = "libc++";
				CLANG_ENABLE_MODULES = YES;
				CLANG_ENABLE_OBJC_ARC = YES;
				CLANG_WARN_BOOL_CONVERSION = YES;
				CLANG_WARN_CONSTANT_CONVERSION = YES;
				CLANG_WARN_DIRECT_OBJC_ISA_USAGE = YES_ERROR;
				CLANG_WARN_EMPTY_BODY = YES;
				CLANG_WARN_ENUM_CONVERSION = YES;
				CLANG_WARN_INT_CONVERSION = YES;
				CLANG_WARN_OBJC_ROOT_CLASS = YES_ERROR;
				CLANG_WARN_UNREACHABLE_CODE = YES;
				CLANG_WARN__DUPLICATE_METHOD_MATCH = YES;
				"CODE_SIGN_IDENTITY[sdk=iphoneos*]" = "iPhone Developer";
				COPY_PHASE_STRIP = NO;
				DEBUG_INFORMATION_FORMAT = dwarf;
				ENABLE_STRICT_OBJC_MSGSEND = YES;
				ENABLE_TESTABILITY = YES;
				GCC_C_LANGUAGE_STANDARD = gnu99;
				GCC_DYNAMIC_NO_PIC = NO;
				GCC_NO_COMMON_BLOCKS = YES;
				GCC_OPTIMIZATION_LEVEL = 0;
				GCC_PREPROCESSOR_DEFINITIONS = (
					"DEBUG=1",
					"$(inherited)",
				);
				GCC_WARN_64_TO_32_BIT_CONVERSION = YES;
				GCC_WARN_ABOUT_RETURN_TYPE = YES_ERROR;
				GCC_WARN_UNDECLARED_SELECTOR = YES;
				GCC_WARN_UNINITIALIZED_AUTOS = YES_AGGRESSIVE;
				GCC_WARN_UNUSED_FUNCTION = YES;
				GCC_WARN_UNUSED_VARIABLE = YES;
				IPHONEOS_DEPLOYMENT_TARGET = 9.3;
				MTL_ENABLE_DEBUG_INFO = YES;
				ONLY_ACTIVE_ARCH = YES;
				SDKROOT = iphoneos;
				SWIFT_OPTIMIZATION_LEVEL = "-Onone";
				TARGETED_DEVICE_FAMILY = "1,2";
			};
			name = Debug;
		};
		B5D983411D55CF1500D7BA69 /* Release */ = {
			isa = XCBuildConfiguration;
			buildSettings = {
				ALWAYS_SEARCH_USER_PATHS = NO;
				CLANG_ANALYZER_NONNULL = YES;
				CLANG_CXX_LANGUAGE_STANDARD = "gnu++0x";
				CLANG_CXX_LIBRARY = "libc++";
				CLANG_ENABLE_MODULES = YES;
				CLANG_ENABLE_OBJC_ARC = YES;
				CLANG_WARN_BOOL_CONVERSION = YES;
				CLANG_WARN_CONSTANT_CONVERSION = YES;
				CLANG_WARN_DIRECT_OBJC_ISA_USAGE = YES_ERROR;
				CLANG_WARN_EMPTY_BODY = YES;
				CLANG_WARN_ENUM_CONVERSION = YES;
				CLANG_WARN_INT_CONVERSION = YES;
				CLANG_WARN_OBJC_ROOT_CLASS = YES_ERROR;
				CLANG_WARN_UNREACHABLE_CODE = YES;
				CLANG_WARN__DUPLICATE_METHOD_MATCH = YES;
				"CODE_SIGN_IDENTITY[sdk=iphoneos*]" = "iPhone Developer";
				COPY_PHASE_STRIP = NO;
				DEBUG_INFORMATION_FORMAT = "dwarf-with-dsym";
				ENABLE_NS_ASSERTIONS = NO;
				ENABLE_STRICT_OBJC_MSGSEND = YES;
				GCC_C_LANGUAGE_STANDARD = gnu99;
				GCC_NO_COMMON_BLOCKS = YES;
				GCC_WARN_64_TO_32_BIT_CONVERSION = YES;
				GCC_WARN_ABOUT_RETURN_TYPE = YES_ERROR;
				GCC_WARN_UNDECLARED_SELECTOR = YES;
				GCC_WARN_UNINITIALIZED_AUTOS = YES_AGGRESSIVE;
				GCC_WARN_UNUSED_FUNCTION = YES;
				GCC_WARN_UNUSED_VARIABLE = YES;
				IPHONEOS_DEPLOYMENT_TARGET = 9.3;
				MTL_ENABLE_DEBUG_INFO = NO;
				SDKROOT = iphoneos;
				TARGETED_DEVICE_FAMILY = "1,2";
				VALIDATE_PRODUCT = YES;
			};
			name = Release;
		};
		B5D983431D55CF1500D7BA69 /* Debug */ = {
			isa = XCBuildConfiguration;
			buildSettings = {
				ASSETCATALOG_COMPILER_APPICON_NAME = AppIcon;
				FRAMEWORK_SEARCH_PATHS = (
					"$(inherited)",
					"$(PROJECT_DIR)/Carthage/Build/iOS",
				);
				INFOPLIST_FILE = MarsWeather/Info.plist;
				LD_RUNPATH_SEARCH_PATHS = "$(inherited) @executable_path/Frameworks";
				PRODUCT_BUNDLE_IDENTIFIER = com.mkloeppner.MarsWeather;
				PRODUCT_NAME = "$(TARGET_NAME)";
			};
			name = Debug;
		};
		B5D983441D55CF1500D7BA69 /* Release */ = {
			isa = XCBuildConfiguration;
			buildSettings = {
				ASSETCATALOG_COMPILER_APPICON_NAME = AppIcon;
				FRAMEWORK_SEARCH_PATHS = (
					"$(inherited)",
					"$(PROJECT_DIR)/Carthage/Build/iOS",
				);
				INFOPLIST_FILE = MarsWeather/Info.plist;
				LD_RUNPATH_SEARCH_PATHS = "$(inherited) @executable_path/Frameworks";
				PRODUCT_BUNDLE_IDENTIFIER = com.mkloeppner.MarsWeather;
				PRODUCT_NAME = "$(TARGET_NAME)";
			};
			name = Release;
		};
		B5D983461D55CF1500D7BA69 /* Debug */ = {
			isa = XCBuildConfiguration;
			buildSettings = {
				BUNDLE_LOADER = "$(TEST_HOST)";
				FRAMEWORK_SEARCH_PATHS = (
					"$(inherited)",
					"$(PROJECT_DIR)/Carthage/Build/iOS",
				);
				INFOPLIST_FILE = MarsWeatherTests/Info.plist;
				LD_RUNPATH_SEARCH_PATHS = "$(inherited) @executable_path/Frameworks @loader_path/Frameworks";
				PRODUCT_BUNDLE_IDENTIFIER = com.mkloeppner.MarsWeatherTests;
				PRODUCT_NAME = "$(TARGET_NAME)";
				TEST_HOST = "$(BUILT_PRODUCTS_DIR)/MarsWeather.app/MarsWeather";
			};
			name = Debug;
		};
		B5D983471D55CF1500D7BA69 /* Release */ = {
			isa = XCBuildConfiguration;
			buildSettings = {
				BUNDLE_LOADER = "$(TEST_HOST)";
				FRAMEWORK_SEARCH_PATHS = (
					"$(inherited)",
					"$(PROJECT_DIR)/Carthage/Build/iOS",
				);
				INFOPLIST_FILE = MarsWeatherTests/Info.plist;
				LD_RUNPATH_SEARCH_PATHS = "$(inherited) @executable_path/Frameworks @loader_path/Frameworks";
				PRODUCT_BUNDLE_IDENTIFIER = com.mkloeppner.MarsWeatherTests;
				PRODUCT_NAME = "$(TARGET_NAME)";
				TEST_HOST = "$(BUILT_PRODUCTS_DIR)/MarsWeather.app/MarsWeather";
			};
			name = Release;
		};
		B5D983491D55CF1500D7BA69 /* Debug */ = {
			isa = XCBuildConfiguration;
			buildSettings = {
				INFOPLIST_FILE = MarsWeatherUITests/Info.plist;
				LD_RUNPATH_SEARCH_PATHS = "$(inherited) @executable_path/Frameworks @loader_path/Frameworks";
				PRODUCT_BUNDLE_IDENTIFIER = com.mkloeppner.MarsWeatherUITests;
				PRODUCT_NAME = "$(TARGET_NAME)";
				TEST_TARGET_NAME = MarsWeather;
			};
			name = Debug;
		};
		B5D9834A1D55CF1500D7BA69 /* Release */ = {
			isa = XCBuildConfiguration;
			buildSettings = {
				INFOPLIST_FILE = MarsWeatherUITests/Info.plist;
				LD_RUNPATH_SEARCH_PATHS = "$(inherited) @executable_path/Frameworks @loader_path/Frameworks";
				PRODUCT_BUNDLE_IDENTIFIER = com.mkloeppner.MarsWeatherUITests;
				PRODUCT_NAME = "$(TARGET_NAME)";
				TEST_TARGET_NAME = MarsWeather;
			};
			name = Release;
		};
/* End XCBuildConfiguration section */

/* Begin XCConfigurationList section */
		B5D983151D55CF1500D7BA69 /* Build configuration list for PBXProject "MarsWeather" */ = {
			isa = XCConfigurationList;
			buildConfigurations = (
				B5D983401D55CF1500D7BA69 /* Debug */,
				B5D983411D55CF1500D7BA69 /* Release */,
			);
			defaultConfigurationIsVisible = 0;
			defaultConfigurationName = Release;
		};
		B5D983421D55CF1500D7BA69 /* Build configuration list for PBXNativeTarget "MarsWeather" */ = {
			isa = XCConfigurationList;
			buildConfigurations = (
				B5D983431D55CF1500D7BA69 /* Debug */,
				B5D983441D55CF1500D7BA69 /* Release */,
			);
			defaultConfigurationIsVisible = 0;
		};
		B5D983451D55CF1500D7BA69 /* Build configuration list for PBXNativeTarget "MarsWeatherTests" */ = {
			isa = XCConfigurationList;
			buildConfigurations = (
				B5D983461D55CF1500D7BA69 /* Debug */,
				B5D983471D55CF1500D7BA69 /* Release */,
			);
			defaultConfigurationIsVisible = 0;
		};
		B5D983481D55CF1500D7BA69 /* Build configuration list for PBXNativeTarget "MarsWeatherUITests" */ = {
			isa = XCConfigurationList;
			buildConfigurations = (
				B5D983491D55CF1500D7BA69 /* Debug */,
				B5D9834A1D55CF1500D7BA69 /* Release */,
			);
			defaultConfigurationIsVisible = 0;
		};
/* End XCConfigurationList section */
	};
	rootObject = B5D983121D55CF1500D7BA69 /* Project object */;
}
